
Microsoft Visual Studio Solution File, Format Version 9.00
# Visual Studio 2005
Project("{FAE04EC0-301F-11D3-BF4B-00C04F79EFBC}") = "NetTopologySuite", "NetTopologySuite\NetTopologySuite.csproj", "{5770DAA9-84E5-4770-AF43-F6B815894368}"
	ProjectSection(ProjectDependencies) = postProject
		{FFB69466-79DE-466A-ADA7-5C47C5C5CA3A} = {FFB69466-79DE-466A-ADA7-5C47C5C5CA3A}
		{3E9DF3B2-DDF7-414D-BA8A-0F1131859F31} = {3E9DF3B2-DDF7-414D-BA8A-0F1131859F31}
	EndProjectSection
EndProject
Project("{2150E333-8FDC-42A3-9474-1A3956D46DE8}") = "Solution Items", "Solution Items", "{A11130E8-4942-432A-97B7-ADEEFB34A977}"
	ProjectSection(SolutionItems) = preProject
		NetTopologySuite.CoordinateSystems\SRID.csv = NetTopologySuite.CoordinateSystems\SRID.csv
	EndProjectSection
	ProjectSection(FolderStartupServices) = postProject
		{B4F97281-0DBD-4835-9ED8-7DFB966E87FF} = {B4F97281-0DBD-4835-9ED8-7DFB966E87FF}
	EndProjectSection
EndProject
Project("{FAE04EC0-301F-11D3-BF4B-00C04F79EFBC}") = "GeoAPI", "GeoAPI\GeoAPI.csproj", "{FFB69466-79DE-466A-ADA7-5C47C5C5CA3A}"
EndProject
Project("{FAE04EC0-301F-11D3-BF4B-00C04F79EFBC}") = "SharpMap.CoordinateSystems", "SharpMap\SharpMap.CoordinateSystems.csproj", "{3E9DF3B2-DDF7-414D-BA8A-0F1131859F31}"
EndProject
Project("{F184B08F-C81C-45F6-A57F-5ABD9991F28F}") = "Topology.IO", "Topology.IO\Topology.IO.vbproj", "{5B699D3E-C21E-48F1-BCC9-A55E47469A30}"
	ProjectSection(ProjectDependencies) = postProject
		{A9A5C115-0680-44B3-A87E-5ECF4C93814E} = {A9A5C115-0680-44B3-A87E-5ECF4C93814E}
		{FFB69466-79DE-466A-ADA7-5C47C5C5CA3A} = {FFB69466-79DE-466A-ADA7-5C47C5C5CA3A}
		{0C28D4A8-94A3-4E76-A70D-7303D62C0763} = {0C28D4A8-94A3-4E76-A70D-7303D62C0763}
		{5770DAA9-84E5-4770-AF43-F6B815894368} = {5770DAA9-84E5-4770-AF43-F6B815894368}
		{3E9DF3B2-DDF7-414D-BA8A-0F1131859F31} = {3E9DF3B2-DDF7-414D-BA8A-0F1131859F31}
	EndProjectSection
EndProject
Project("{F184B08F-C81C-45F6-A57F-5ABD9991F28F}") = "Topology.IO.Dwg", "Topology.IO.Dwg\Topology.IO.Dwg.vbproj", "{EAAD5774-D7C0-4816-9B5E-72CEB84FC41D}"
	ProjectSection(ProjectDependencies) = postProject
		{A9A5C115-0680-44B3-A87E-5ECF4C93814E} = {A9A5C115-0680-44B3-A87E-5ECF4C93814E}
		{5B699D3E-C21E-48F1-BCC9-A55E47469A30} = {5B699D3E-C21E-48F1-BCC9-A55E47469A30}
		{FFB69466-79DE-466A-ADA7-5C47C5C5CA3A} = {FFB69466-79DE-466A-ADA7-5C47C5C5CA3A}
		{0C28D4A8-94A3-4E76-A70D-7303D62C0763} = {0C28D4A8-94A3-4E76-A70D-7303D62C0763}
		{5770DAA9-84E5-4770-AF43-F6B815894368} = {5770DAA9-84E5-4770-AF43-F6B815894368}
		{3E9DF3B2-DDF7-414D-BA8A-0F1131859F31} = {3E9DF3B2-DDF7-414D-BA8A-0F1131859F31}
	EndProjectSection
EndProject
Project("{F184B08F-C81C-45F6-A57F-5ABD9991F28F}") = "Topology.IO.Fgf", "Topology.IO.Fgf\Topology.IO.Fgf.vbproj", "{B04D4202-804B-4548-ACB8-A100DDB83707}"
	ProjectSection(ProjectDependencies) = postProject
		{5B699D3E-C21E-48F1-BCC9-A55E47469A30} = {5B699D3E-C21E-48F1-BCC9-A55E47469A30}
		{FFB69466-79DE-466A-ADA7-5C47C5C5CA3A} = {FFB69466-79DE-466A-ADA7-5C47C5C5CA3A}
		{5770DAA9-84E5-4770-AF43-F6B815894368} = {5770DAA9-84E5-4770-AF43-F6B815894368}
	EndProjectSection
EndProject
Project("{F184B08F-C81C-45F6-A57F-5ABD9991F28F}") = "Test", "Test\Test.vbproj", "{B30C7C96-7B40-471B-A99D-031C980F1D3B}"
	ProjectSection(ProjectDependencies) = postProject
		{A9A5C115-0680-44B3-A87E-5ECF4C93814E} = {A9A5C115-0680-44B3-A87E-5ECF4C93814E}
		{5B699D3E-C21E-48F1-BCC9-A55E47469A30} = {5B699D3E-C21E-48F1-BCC9-A55E47469A30}
		{FFB69466-79DE-466A-ADA7-5C47C5C5CA3A} = {FFB69466-79DE-466A-ADA7-5C47C5C5CA3A}
		{EAAD5774-D7C0-4816-9B5E-72CEB84FC41D} = {EAAD5774-D7C0-4816-9B5E-72CEB84FC41D}
		{0C28D4A8-94A3-4E76-A70D-7303D62C0763} = {0C28D4A8-94A3-4E76-A70D-7303D62C0763}
		{5770DAA9-84E5-4770-AF43-F6B815894368} = {5770DAA9-84E5-4770-AF43-F6B815894368}
		{3E9DF3B2-DDF7-414D-BA8A-0F1131859F31} = {3E9DF3B2-DDF7-414D-BA8A-0F1131859F31}
		{86837AC0-263F-4A22-9D0A-4642BD3ABFD3} = {86837AC0-263F-4A22-9D0A-4642BD3ABFD3}
	EndProjectSection
EndProject
Project("{F184B08F-C81C-45F6-A57F-5ABD9991F28F}") = "Topology.IO.MapGuide", "Topology.IO.MapGuide\Topology.IO.MapGuide.vbproj", "{86837AC0-263F-4A22-9D0A-4642BD3ABFD3}"
	ProjectSection(ProjectDependencies) = postProject
		{A9A5C115-0680-44B3-A87E-5ECF4C93814E} = {A9A5C115-0680-44B3-A87E-5ECF4C93814E}
		{5B699D3E-C21E-48F1-BCC9-A55E47469A30} = {5B699D3E-C21E-48F1-BCC9-A55E47469A30}
		{FFB69466-79DE-466A-ADA7-5C47C5C5CA3A} = {FFB69466-79DE-466A-ADA7-5C47C5C5CA3A}
		{0C28D4A8-94A3-4E76-A70D-7303D62C0763} = {0C28D4A8-94A3-4E76-A70D-7303D62C0763}
		{5770DAA9-84E5-4770-AF43-F6B815894368} = {5770DAA9-84E5-4770-AF43-F6B815894368}
		{3E9DF3B2-DDF7-414D-BA8A-0F1131859F31} = {3E9DF3B2-DDF7-414D-BA8A-0F1131859F31}
	EndProjectSection
EndProject
Project("{FAE04EC0-301F-11D3-BF4B-00C04F79EFBC}") = "QuickGraph", "QuickGraph\QuickGraph.csproj", "{A9A5C115-0680-44B3-A87E-5ECF4C93814E}"
EndProject
Project("{F184B08F-C81C-45F6-A57F-5ABD9991F28F}") = "Topology.Conflation", "Topology.Conflation\Topology.Conflation.vbproj", "{0C28D4A8-94A3-4E76-A70D-7303D62C0763}"
EndProject
Global
	GlobalSection(TextTemplating) = postSolution
		TextTemplating = 1
	EndGlobalSection
	GlobalSection(SolutionConfigurationPlatforms) = preSolution
		Bug|Any CPU = Bug|Any CPU
		Debug|Any CPU = Debug|Any CPU
		Release|Any CPU = Release|Any CPU
	EndGlobalSection
	GlobalSection(ProjectConfigurationPlatforms) = postSolution
		{5770DAA9-84E5-4770-AF43-F6B815894368}.Bug|Any CPU.ActiveCfg = Release|Any CPU
		{5770DAA9-84E5-4770-AF43-F6B815894368}.Bug|Any CPU.Build.0 = Release|Any CPU
		{5770DAA9-84E5-4770-AF43-F6B815894368}.Debug|Any CPU.ActiveCfg = Debug|Any CPU
		{5770DAA9-84E5-4770-AF43-F6B815894368}.Debug|Any CPU.Build.0 = Debug|Any CPU
		{5770DAA9-84E5-4770-AF43-F6B815894368}.Release|Any CPU.ActiveCfg = Release|Any CPU
		{5770DAA9-84E5-4770-AF43-F6B815894368}.Release|Any CPU.Build.0 = Release|Any CPU
		{FFB69466-79DE-466A-ADA7-5C47C5C5CA3A}.Bug|Any CPU.ActiveCfg = Release|Any CPU
		{FFB69466-79DE-466A-ADA7-5C47C5C5CA3A}.Bug|Any CPU.Build.0 = Release|Any CPU
		{FFB69466-79DE-466A-ADA7-5C47C5C5CA3A}.Debug|Any CPU.ActiveCfg = Debug|Any CPU
		{FFB69466-79DE-466A-ADA7-5C47C5C5CA3A}.Debug|Any CPU.Build.0 = Debug|Any CPU
		{FFB69466-79DE-466A-ADA7-5C47C5C5CA3A}.Release|Any CPU.ActiveCfg = Release|Any CPU
		{FFB69466-79DE-466A-ADA7-5C47C5C5CA3A}.Release|Any CPU.Build.0 = Release|Any CPU
		{3E9DF3B2-DDF7-414D-BA8A-0F1131859F31}.Bug|Any CPU.ActiveCfg = Release|Any CPU
		{3E9DF3B2-DDF7-414D-BA8A-0F1131859F31}.Bug|Any CPU.Build.0 = Release|Any CPU
		{3E9DF3B2-DDF7-414D-BA8A-0F1131859F31}.Debug|Any CPU.ActiveCfg = Debug|Any CPU
		{3E9DF3B2-DDF7-414D-BA8A-0F1131859F31}.Debug|Any CPU.Build.0 = Debug|Any CPU
		{3E9DF3B2-DDF7-414D-BA8A-0F1131859F31}.Release|Any CPU.ActiveCfg = Release|Any CPU
		{3E9DF3B2-DDF7-414D-BA8A-0F1131859F31}.Release|Any CPU.Build.0 = Release|Any CPU
		{5B699D3E-C21E-48F1-BCC9-A55E47469A30}.Bug|Any CPU.ActiveCfg = Release|Any CPU
		{5B699D3E-C21E-48F1-BCC9-A55E47469A30}.Bug|Any CPU.Build.0 = Release|Any CPU
		{5B699D3E-C21E-48F1-BCC9-A55E47469A30}.Debug|Any CPU.ActiveCfg = Debug|Any CPU
		{5B699D3E-C21E-48F1-BCC9-A55E47469A30}.Debug|Any CPU.Build.0 = Debug|Any CPU
		{5B699D3E-C21E-48F1-BCC9-A55E47469A30}.Release|Any CPU.ActiveCfg = Release|Any CPU
		{5B699D3E-C21E-48F1-BCC9-A55E47469A30}.Release|Any CPU.Build.0 = Release|Any CPU
		{EAAD5774-D7C0-4816-9B5E-72CEB84FC41D}.Bug|Any CPU.ActiveCfg = Release|Any CPU
		{EAAD5774-D7C0-4816-9B5E-72CEB84FC41D}.Bug|Any CPU.Build.0 = Release|Any CPU
		{EAAD5774-D7C0-4816-9B5E-72CEB84FC41D}.Debug|Any CPU.ActiveCfg = Debug|Any CPU
		{EAAD5774-D7C0-4816-9B5E-72CEB84FC41D}.Debug|Any CPU.Build.0 = Debug|Any CPU
		{EAAD5774-D7C0-4816-9B5E-72CEB84FC41D}.Release|Any CPU.ActiveCfg = Release|Any CPU
		{EAAD5774-D7C0-4816-9B5E-72CEB84FC41D}.Release|Any CPU.Build.0 = Release|Any CPU
		{B04D4202-804B-4548-ACB8-A100DDB83707}.Bug|Any CPU.ActiveCfg = Release|Any CPU
		{B04D4202-804B-4548-ACB8-A100DDB83707}.Bug|Any CPU.Build.0 = Release|Any CPU
		{B04D4202-804B-4548-ACB8-A100DDB83707}.Debug|Any CPU.ActiveCfg = Debug|Any CPU
		{B04D4202-804B-4548-ACB8-A100DDB83707}.Debug|Any CPU.Build.0 = Debug|Any CPU
		{B04D4202-804B-4548-ACB8-A100DDB83707}.Release|Any CPU.ActiveCfg = Release|Any CPU
		{B04D4202-804B-4548-ACB8-A100DDB83707}.Release|Any CPU.Build.0 = Release|Any CPU
		{B30C7C96-7B40-471B-A99D-031C980F1D3B}.Bug|Any CPU.ActiveCfg = Release|Any CPU
		{B30C7C96-7B40-471B-A99D-031C980F1D3B}.Bug|Any CPU.Build.0 = Release|Any CPU
		{B30C7C96-7B40-471B-A99D-031C980F1D3B}.Debug|Any CPU.ActiveCfg = Debug|Any CPU
		{B30C7C96-7B40-471B-A99D-031C980F1D3B}.Debug|Any CPU.Build.0 = Debug|Any CPU
		{B30C7C96-7B40-471B-A99D-031C980F1D3B}.Release|Any CPU.ActiveCfg = Release|Any CPU
		{B30C7C96-7B40-471B-A99D-031C980F1D3B}.Release|Any CPU.Build.0 = Release|Any CPU
		{86837AC0-263F-4A22-9D0A-4642BD3ABFD3}.Bug|Any CPU.ActiveCfg = Release|Any CPU
		{86837AC0-263F-4A22-9D0A-4642BD3ABFD3}.Bug|Any CPU.Build.0 = Release|Any CPU
		{86837AC0-263F-4A22-9D0A-4642BD3ABFD3}.Debug|Any CPU.ActiveCfg = Debug|Any CPU
		{86837AC0-263F-4A22-9D0A-4642BD3ABFD3}.Debug|Any CPU.Build.0 = Debug|Any CPU
		{86837AC0-263F-4A22-9D0A-4642BD3ABFD3}.Release|Any CPU.ActiveCfg = Release|Any CPU
		{86837AC0-263F-4A22-9D0A-4642BD3ABFD3}.Release|Any CPU.Build.0 = Release|Any CPU
		{A9A5C115-0680-44B3-A87E-5ECF4C93814E}.Bug|Any CPU.ActiveCfg = Release|Any CPU
		{A9A5C115-0680-44B3-A87E-5ECF4C93814E}.Bug|Any CPU.Build.0 = Release|Any CPU
		{A9A5C115-0680-44B3-A87E-5ECF4C93814E}.Debug|Any CPU.ActiveCfg = Debug|Any CPU
		{A9A5C115-0680-44B3-A87E-5ECF4C93814E}.Debug|Any CPU.Build.0 = Debug|Any CPU
		{A9A5C115-0680-44B3-A87E-5ECF4C93814E}.Release|Any CPU.ActiveCfg = Release|Any CPU
		{A9A5C115-0680-44B3-A87E-5ECF4C93814E}.Release|Any CPU.Build.0 = Release|Any CPU
		{0C28D4A8-94A3-4E76-A70D-7303D62C0763}.Bug|Any CPU.ActiveCfg = Release|Any CPU
		{0C28D4A8-94A3-4E76-A70D-7303D62C0763}.Bug|Any CPU.Build.0 = Release|Any CPU
		{0C28D4A8-94A3-4E76-A70D-7303D62C0763}.Debug|Any CPU.ActiveCfg = Debug|Any CPU
		{0C28D4A8-94A3-4E76-A70D-7303D62C0763}.Debug|Any CPU.Build.0 = Debug|Any CPU
		{0C28D4A8-94A3-4E76-A70D-7303D62C0763}.Release|Any CPU.ActiveCfg = Release|Any CPU
		{0C28D4A8-94A3-4E76-A70D-7303D62C0763}.Release|Any CPU.Build.0 = Release|Any CPU
	EndGlobalSection
	GlobalSection(SolutionProperties) = preSolution
		HideSolutionNode = FALSE
	EndGlobalSection
EndGlobal
